github.com/ralvarezdev/go-concurrent-logger v0.1.4 h1:WGrVrzEdjC4GAjbIC3VShNVo8S53SkYFqti0woXqpbg=
github.com/ralvarezdev/go-concurrent-logger v0.1.4/go.mod h1:gjU7lyMbdgVOaVDatFgtM77YLZmYedZaMFy/xfAM/XY=
github.com/ralvarezdev/go-context v0.0.1 h1:FInuzYGKiPBenD6+doVrrvu6C2s/Oh93h6lO7rWujMI=
github.com/ralvarezdev/go-context v0.0.1/go.mod h1:wOyMbWyhhM8GwT3bzZ6Gvx8rJQfAXYpDwN9PUB7uR0M=
github.com/ralvarezdev/go-crypto v0.6.4 h1:eX257KaSWGa4zU+COX7Ja0yzbkAPdwRAtPlDaejLWqE=
github.com/ralvarezdev/go-crypto v0.6.4/go.mod h1:jY/KGELdLAiBZSbn7x5jRGCDifEGF4X5GvhgAFZJnSM=
github.com/ralvarezdev/go-strings v0.1.12 h1:AtOPDJ4lVO+33p7O4uECdD4C4D037h256zWz9uQ5eIQ=
github.com/ralvarezdev/go-strings v0.1.12/go.mod h1:8sFOqmPJpqzS7bTjf91EzUCITnwpmkfifwY80GxV5r8=
golang.org/x/sync v0.17.0 h1:l60nONMj9l5drqw6jlhIELNv9I0A4OFgRsG9k2oT9Ug=
golang.org/x/sync v0.17.0/go.mod h1:9KTHXmSnoGruLpwFjVSX0lNNA75CykiMECbovNTZqGI=
